// !$*UTF8*$!
{
	archiveVersion = 1;
	classes = {
	};
	objectVersion = 46;
	objects = {

/* Begin PBXBuildFile section */
		7834D5421CAC05910076DBDA /* AppDelegate.swift in Sources */ = {isa = PBXBuildFile; fileRef = 7834D5411CAC05910076DBDA /* AppDelegate.swift */; };
		7834D5441CAC05910076DBDA /* ViewController.swift in Sources */ = {isa = PBXBuildFile; fileRef = 7834D5431CAC05910076DBDA /* ViewController.swift */; };
		7834D5471CAC05910076DBDA /* Main.storyboard in Resources */ = {isa = PBXBuildFile; fileRef = 7834D5451CAC05910076DBDA /* Main.storyboard */; };
		7834D5491CAC05910076DBDA /* Assets.xcassets in Resources */ = {isa = PBXBuildFile; fileRef = 7834D5481CAC05910076DBDA /* Assets.xcassets */; };
		7834D54C1CAC05910076DBDA /* LaunchScreen.storyboard in Resources */ = {isa = PBXBuildFile; fileRef = 7834D54A1CAC05910076DBDA /* LaunchScreen.storyboard */; };
/* End PBXBuildFile section */

/* Begin PBXFileReference section */
		7834D53E1CAC05910076DBDA /* DrawerVCSample.app */ = {isa = PBXFileReference; explicitFileType = wrapper.application; includeInIndex = 0; path = DrawerVCSample.app; sourceTree = BUILT_PRODUCTS_DIR; };
		7834D5411CAC05910076DBDA /* AppDelegate.swift */ = {isa = PBXFileReference; lastKnownFileType = sourcecode.swift; path = AppDelegate.swift; sourceTree = "<group>"; };
		7834D5431CAC05910076DBDA /* ViewController.swift */ = {isa = PBXFileReference; lastKnownFileType = sourcecode.swift; path = ViewController.swift; sourceTree = "<group>"; };
		7834D5461CAC05910076DBDA /* Base */ = {isa = PBXFileReference; lastKnownFileType = file.storyboard; name = Base; path = Base.lproj/Main.storyboard; sourceTree = "<group>"; };
		7834D5481CAC05910076DBDA /* Assets.xcassets */ = {isa = PBXFileReference; lastKnownFileType = folder.assetcatalog; path = Assets.xcassets; sourceTree = "<group>"; };
		7834D54B1CAC05910076DBDA /* Base */ = {isa = PBXFileReference; lastKnownFileType = file.storyboard; name = Base; path = Base.lproj/LaunchScreen.storyboard; sourceTree = "<group>"; };
		7834D54D1CAC05910076DBDA /* Info.plist */ = {isa = PBXFileReference; lastKnownFileType = text.plist.xml; path = Info.plist; sourceTree = "<group>"; };
/* End PBXFileReference section */

/* Begin PBXFrameworksBuildPhase section */
		7834D53B1CAC05910076DBDA /* Frameworks */ = {
			isa = PBXFrameworksBuildPhase;
			buildActionMask = 2147483647;
			files = (
			);
			runOnlyForDeploymentPostprocessing = 0;
		};
/* End PBXFrameworksBuildPhase section */

/* Begin PBXGroup section */
		7834D5351CAC05910076DBDA = {
			isa = PBXGroup;
			children = (
				7834D5401CAC05910076DBDA /* DrawerVCSample */,
				7834D53F1CAC05910076DBDA /* Products */,
			);
			sourceTree = "<group>";
		};
		7834D53F1CAC05910076DBDA /* Products */ = {
			isa = PBXGroup;
			children = (
				7834D53E1CAC05910076DBDA /* DrawerVCSample.app */,
			);
			name = Products;
			sourceTree = "<group>";
		};
		7834D5401CAC05910076DBDA /* DrawerVCSample */ = {
			isa = PBXGroup;
			children = (
				7834D5411CAC05910076DBDA /* AppDelegate.swift */,
				7834D5431CAC05910076DBDA /* ViewController.swift */,
				7834D5451CAC05910076DBDA /* Main.storyboard */,
				7834D5481CAC05910076DBDA /* Assets.xcassets */,
				7834D54A1CAC05910076DBDA /* LaunchScreen.storyboard */,
				7834D54D1CAC05910076DBDA /* Info.plist */,
			);
			path = DrawerVCSample;
			sourceTree = "<group>";
		};
/* End PBXGroup section */

/* Begin PBXNativeTarget section */
		7834D53D1CAC05910076DBDA /* DrawerVCSample */ = {
			isa = PBXNativeTarget;
			buildConfigurationList = 7834D5501CAC05910076DBDA /* Build configuration list for PBXNativeTarget "DrawerVCSample" */;
			buildPhases = (
				7834D53A1CAC05910076DBDA /* Sources */,
				7834D53B1CAC05910076DBDA /* Frameworks */,
				7834D53C1CAC05910076DBDA /* Resources */,
			);
			buildRules = (
			);
			dependencies = (
			);
			name = DrawerVCSample;
			productName = DrawerVCSample;
			productReference = 7834D53E1CAC05910076DBDA /* DrawerVCSample.app */;
			productType = "com.apple.product-type.application";
		};
/* End PBXNativeTarget section */

/* Begin PBXProject section */
		7834D5361CAC05910076DBDA /* Project object */ = {
			isa = PBXProject;
			attributes = {
				LastSwiftUpdateCheck = 0730;
				LastUpgradeCheck = 0730;
				ORGANIZATIONNAME = bko;
				TargetAttributes = {
					7834D53D1CAC05910076DBDA = {
						CreatedOnToolsVersion = 7.3;
					};
				};
			};
			buildConfigurationList = 7834D5391CAC05910076DBDA /* Build configuration list for PBXProject "DrawerVCSample" */;
			compatibilityVersion = "Xcode 3.2";
			developmentRegion = English;
			hasScannedForEncodings = 0;
			knownRegions = (
				en,
				Base,
			);
			mainGroup = 7834D5351CAC05910076DBDA;
			productRefGroup = 7834D53F1CAC05910076DBDA /* Products */;
			projectDirPath = "";
			projectRoot = "";
			targets = (
				7834D53D1CAC05910076DBDA /* DrawerVCSample */,
			);
		};
/* End PBXProject section */

/* Begin PBXResourcesBuildPhase section */
		7834D53C1CAC05910076DBDA /* Resources */ = {
			isa = PBXResourcesBuildPhase;
			buildActionMask = 2147483647;
			files = (
				7834D54C1CAC05910076DBDA /* LaunchScreen.storyboard in Resources */,
				7834D5491CAC05910076DBDA /* Assets.xcassets in Resources */,
				7834D5471CAC05910076DBDA /* Main.storyboard in Resources */,
			);
			runOnlyForDeploymentPostprocessing = 0;
		};
/* End PBXResourcesBuildPhase section */

/* Begin PBXSourcesBuildPhase section */
		7834D53A1CAC05910076DBDA /* Sources */ = {
			isa = PBXSourcesBuildPhase;
			buildActionMask = 2147483647;
			files = (
				7834D5441CAC05910076DBDA /* ViewController.swift in Sources */,
				7834D5421CAC05910076DBDA /* AppDelegate.swift in Sources */,
			);
			runOnlyForDeploymentPostprocessing = 0;
		};
/* End PBXSourcesBuildPhase section */

/* Begin PBXVariantGroup section */
		7834D5451CAC05910076DBDA /* Main.storyboard */ = {
			isa = PBXVariantGroup;
			children = (
				7834D5461CAC05910076DBDA /* Base */,
			);
			name = Main.storyboard;
			sourceTree = "<group>";
		};
		7834D54A1CAC05910076DBDA /* LaunchScreen.storyboard */ = {
			isa = PBXVariantGroup;
			children = (
				7834D54B1CAC05910076DBDA /* Base */,
			);
			name = LaunchScreen.storyboard;
			sourceTree = "<group>";
		};
/* End PBXVariantGroup section */

/* Begin XCBuildConfiguration section */
		7834D54E1CAC05910076DBDA /* Debug */ = {
			isa = XCBuildConfiguration;
			buildSettings = {
				ALWAYS_SEARCH_USER_PATHS = NO;
				CLANG_ANALYZER_NONNULL = YES;
				CLANG_CXX_LANGUAGE_STANDARD = "gnu++0x";
				CLANG_CXX_LIBRARY = "libc++";
				CLANG_ENABLE_MODULES = YES;
				CLANG_ENABLE_OBJC_ARC = YES;
				CLANG_WARN_BOOL_CONVERSION = YES;
				CLANG_WARN_CONSTANT_CONVERSION = YES;
				CLANG_WARN_DIRECT_OBJC_ISA_USAGE = YES_ERROR;
				CLANG_WARN_EMPTY_BODY = YES;
				CLANG_WARN_ENUM_CONVERSION = YES;
				CLANG_WARN_INT_CONVERSION = YES;
				CLANG_WARN_OBJC_ROOT_CLASS = YES_ERROR;
				CLANG_WARN_UNREACHABLE_CODE = YES;
				CLANG_WARN__DUPLICATE_METHOD_MATCH = YES;
				"CODE_SIGN_IDENTITY[sdk=iphoneos*]" = "iPhone Developer";
				COPY_PHASE_STRIP = NO;
				DEBUG_INFORMATION_FORMAT = dwarf;
				ENABLE_STRICT_OBJC_MSGSEND = YES;
				ENABLE_TESTABILITY = YES;
				GCC_C_LANGUAGE_STANDARD = gnu99;
				GCC_DYNAMIC_NO_PIC = NO;
				GCC_NO_COMMON_BLOCKS = YES;
				GCC_OPTIMIZATION_LEVEL = 0;
				GCC_PREPROCESSOR_DEFINITIONS = (
					"DEBUG=1",
					"$(inherited)",
				);
				GCC_WARN_64_TO_32_BIT_CONVERSION = YES;
				GCC_WARN_ABOUT_RETURN_TYPE = YES_ERROR;
				GCC_WARN_UNDECLARED_SELECTOR = YES;
				GCC_WARN_UNINITIALIZED_AUTOS = YES_AGGRESSIVE;
				GCC_WARN_UNUSED_FUNCTION = YES;
				GCC_WARN_UNUSED_VARIABLE = YES;
				IPHONEOS_DEPLOYMENT_TARGET = 9.3;
				MTL_ENABLE_DEBUG_INFO = YES;
				ONLY_ACTIVE_ARCH = YES;
				SDKROOT = iphoneos;
				SWIFT_OPTIMIZATION_LEVEL = "-Onone";
				TARGETED_DEVICE_FAMILY = "1,2";
			};
			name = Debug;
		};
		7834D54F1CAC05910076DBDA /* Release */ = {
			isa = XCBuildConfiguration;
			buildSettings = {
				ALWAYS_SEARCH_USER_PATHS = NO;
				CLANG_ANALYZER_NONNULL = YES;
				CLANG_CXX_LANGUAGE_STANDARD = "gnu++0x";
				CLANG_CXX_LIBRARY = "libc++";
				CLANG_ENABLE_MODULES = YES;
				CLANG_ENABLE_OBJC_ARC = YES;
				CLANG_WARN_BOOL_CONVERSION = YES;
				CLANG_WARN_CONSTANT_CONVERSION = YES;
				CLANG_WARN_DIRECT_OBJC_ISA_USAGE = YES_ERROR;
				CLANG_WARN_EMPTY_BODY = YES;
				CLANG_WARN_ENUM_CONVERSION = YES;
				CLANG_WARN_INT_CONVERSION = YES;
				CLANG_WARN_OBJC_ROOT_CLASS = YES_ERROR;
				CLANG_WARN_UNREACHABLE_CODE = YES;
				CLANG_WARN__DUPLICATE_METHOD_MATCH = YES;
				"CODE_SIGN_IDENTITY[sdk=iphoneos*]" = "iPhone Developer";
				COPY_PHASE_STRIP = NO;
				DEBUG_INFORMATION_FORMAT = "dwarf-with-dsym";
				ENABLE_NS_ASSERTIONS = NO;
				ENABLE_STRICT_OBJC_MSGSEND = YES;
				GCC_C_LANGUAGE_STANDARD = gnu99;
				GCC_NO_COMMON_BLOCKS = YES;
				GCC_WARN_64_TO_32_BIT_CONVERSION = YES;
				GCC_WARN_ABOUT_RETURN_TYPE = YES_ERROR;
				GCC_WARN_UNDECLARED_SELECTOR = YES;
				GCC_WARN_UNINITIALIZED_AUTOS = YES_AGGRESSIVE;
				GCC_WARN_UNUSED_FUNCTION = YES;
				GCC_WARN_UNUSED_VARIABLE = YES;
				IPHONEOS_DEPLOYMENT_TARGET = 9.3;
				MTL_ENABLE_DEBUG_INFO = NO;
				SDKROOT = iphoneos;
				TARGETED_DEVICE_FAMILY = "1,2";
				VALIDATE_PRODUCT = YES;
			};
			name = Release;
		};
		7834D5511CAC05910076DBDA /* Debug */ = {
			isa = XCBuildConfiguration;
			buildSettings = {
				ASSETCATALOG_COMPILER_APPICON_NAME = AppIcon;
				INFOPLIST_FILE = DrawerVCSample/Info.plist;
				LD_RUNPATH_SEARCH_PATHS = "$(inherited) @executable_path/Frameworks";
				PRODUCT_BUNDLE_IDENTIFIER = com.dko.DrawerVCSample;
				PRODUCT_NAME = "$(TARGET_NAME)";
			};
			name = Debug;
		};
		7834D5521CAC05910076DBDA /* Release */ = {
			isa = XCBuildConfiguration;
			buildSettings = {
				ASSETCATALOG_COMPILER_APPICON_NAME = AppIcon;
				INFOPLIST_FILE = DrawerVCSample/Info.plist;
				LD_RUNPATH_SEARCH_PATHS = "$(inherited) @executable_path/Frameworks";
				PRODUCT_BUNDLE_IDENTIFIER = com.dko.DrawerVCSample;
				PRODUCT_NAME = "$(TARGET_NAME)";
			};
			name = Release;
		};
/* End XCBuildConfiguration section */

/* Begin XCConfigurationList section */
		7834D5391CAC05910076DBDA /* Build configuration list for PBXProject "DrawerVCSample" */ = {
			isa = XCConfigurationList;
			buildConfigurations = (
				7834D54E1CAC05910076DBDA /* Debug */,
				7834D54F1CAC05910076DBDA /* Release */,
			);
			defaultConfigurationIsVisible = 0;
			defaultConfigurationName = Release;
		};
		7834D5501CAC05910076DBDA /* Build configuration list for PBXNativeTarget "DrawerVCSample" */ = {
			isa = XCConfigurationList;
			buildConfigurations = (
				7834D5511CAC05910076DBDA /* Debug */,
				7834D5521CAC05910076DBDA /* Release */,
			);
			defaultConfigurationIsVisible = 0;
		};
/* End XCConfigurationList section */
	};
	rootObject = 7834D5361CAC05910076DBDA /* Project object */;
}
